
Microsoft Visual Studio Solution File, Format Version 12.00
# Visual Studio 2013
VisualStudioVersion = 12.0.21005.1
MinimumVisualStudioVersion = 10.0.40219.1
Project("{002A2DE9-8BB6-484D-9802-7E4AD4084715}") = "docopt", "docopt.visualdproj", "{BD5AC864-7974-4CB8-A041-AB84D0320137}"
EndProject
Project("{002A2DE9-8BB6-484D-9802-7E4AD4084715}") = "arguments", "arguments\arguments.visualdproj", "{A10D5686-52CF-4439-B34C-E13ACA3AD404}"
	ProjectSection(ProjectDependencies) = postProject
		{BD5AC864-7974-4CB8-A041-AB84D0320137} = {BD5AC864-7974-4CB8-A041-AB84D0320137}
	EndProjectSection
EndProject
Project("{002A2DE9-8BB6-484D-9802-7E4AD4084715}") = "test_docopt", "test_docopt\test_docopt.visualdproj", "{1C6E31B3-EEE7-4D5F-9CB0-D086496DAB92}"
	ProjectSection(ProjectDependencies) = postProject
		{BD5AC864-7974-4CB8-A041-AB84D0320137} = {BD5AC864-7974-4CB8-A041-AB84D0320137}
	EndProjectSection
EndProject
Project("{002A2DE9-8BB6-484D-9802-7E4AD4084715}") = "naval_fate", "naval_fate\naval_fate.visualdproj", "{A41E1B91-97E8-4ED7-BFA4-ED763DAE7726}"
EndProject
Project("{2150E333-8FDC-42A3-9474-1A3956D46DE8}") = "git", "git", "{F4FDAA92-59CD-4F00-B7A2-93D79DA5CF1E}"
EndProject
Project("{002A2DE9-8BB6-484D-9802-7E4AD4084715}") = "git_push", "git\git_push.visualdproj", "{AF1F29DF-DDEB-4122-A28C-659261B41E3E}"
	ProjectSection(ProjectDependencies) = postProject
		{BD5AC864-7974-4CB8-A041-AB84D0320137} = {BD5AC864-7974-4CB8-A041-AB84D0320137}
	EndProjectSection
EndProject
Project("{002A2DE9-8BB6-484D-9802-7E4AD4084715}") = "git_add", "git\git_add.visualdproj", "{CE205682-71EE-4004-9AED-A6A4A4A3548F}"
	ProjectSection(ProjectDependencies) = postProject
		{BD5AC864-7974-4CB8-A041-AB84D0320137} = {BD5AC864-7974-4CB8-A041-AB84D0320137}
	EndProjectSection
EndProject
Project("{002A2DE9-8BB6-484D-9802-7E4AD4084715}") = "gitD", "git\gitD.visualdproj", "{329B89F0-F2C6-42E7-9AB2-5580A85B0810}"
	ProjectSection(ProjectDependencies) = postProject
		{44148B1E-43C2-49BC-B0AF-1C9498056CD0} = {44148B1E-43C2-49BC-B0AF-1C9498056CD0}
		{7F74F123-D134-4AC8-B6DF-B34C31419E10} = {7F74F123-D134-4AC8-B6DF-B34C31419E10}
		{33269449-38EB-4755-90FC-19734E90F09F} = {33269449-38EB-4755-90FC-19734E90F09F}
		{BD5AC864-7974-4CB8-A041-AB84D0320137} = {BD5AC864-7974-4CB8-A041-AB84D0320137}
		{CE205682-71EE-4004-9AED-A6A4A4A3548F} = {CE205682-71EE-4004-9AED-A6A4A4A3548F}
		{1EF26882-781F-4A66-A658-42B34F07F001} = {1EF26882-781F-4A66-A658-42B34F07F001}
		{D1A2E9C1-9B50-4234-8B94-CC18295B7990} = {D1A2E9C1-9B50-4234-8B94-CC18295B7990}
		{AF1F29DF-DDEB-4122-A28C-659261B41E3E} = {AF1F29DF-DDEB-4122-A28C-659261B41E3E}
	EndProjectSection
EndProject
Project("{002A2DE9-8BB6-484D-9802-7E4AD4084715}") = "git_branch", "git\git_branch.visualdproj", "{D1A2E9C1-9B50-4234-8B94-CC18295B7990}"
	ProjectSection(ProjectDependencies) = postProject
		{BD5AC864-7974-4CB8-A041-AB84D0320137} = {BD5AC864-7974-4CB8-A041-AB84D0320137}
	EndProjectSection
EndProject
Project("{002A2DE9-8BB6-484D-9802-7E4AD4084715}") = "git_checkout", "git\git_checkout.visualdproj", "{1EF26882-781F-4A66-A658-42B34F07F001}"
	ProjectSection(ProjectDependencies) = postProject
		{BD5AC864-7974-4CB8-A041-AB84D0320137} = {BD5AC864-7974-4CB8-A041-AB84D0320137}
	EndProjectSection
EndProject
Project("{002A2DE9-8BB6-484D-9802-7E4AD4084715}") = "git_clone", "git\git_clone.visualdproj", "{44148B1E-43C2-49BC-B0AF-1C9498056CD0}"
	ProjectSection(ProjectDependencies) = postProject
		{BD5AC864-7974-4CB8-A041-AB84D0320137} = {BD5AC864-7974-4CB8-A041-AB84D0320137}
	EndProjectSection
EndProject
Project("{002A2DE9-8BB6-484D-9802-7E4AD4084715}") = "git_commit", "git\git_commit.visualdproj", "{7F74F123-D134-4AC8-B6DF-B34C31419E10}"
	ProjectSection(ProjectDependencies) = postProject
		{BD5AC864-7974-4CB8-A041-AB84D0320137} = {BD5AC864-7974-4CB8-A041-AB84D0320137}
	EndProjectSection
EndProject
Project("{002A2DE9-8BB6-484D-9802-7E4AD4084715}") = "git_remote", "git\git_remote.visualdproj", "{33269449-38EB-4755-90FC-19734E90F09F}"
	ProjectSection(ProjectDependencies) = postProject
		{BD5AC864-7974-4CB8-A041-AB84D0320137} = {BD5AC864-7974-4CB8-A041-AB84D0320137}
	EndProjectSection
EndProject
Global
	GlobalSection(SolutionConfigurationPlatforms) = preSolution
		Debug|Win32 = Debug|Win32
		Release|Win32 = Release|Win32
	EndGlobalSection
	GlobalSection(ProjectConfigurationPlatforms) = postSolution
		{BD5AC864-7974-4CB8-A041-AB84D0320137}.Debug|Win32.ActiveCfg = Debug|Win32
		{BD5AC864-7974-4CB8-A041-AB84D0320137}.Debug|Win32.Build.0 = Debug|Win32
		{BD5AC864-7974-4CB8-A041-AB84D0320137}.Release|Win32.ActiveCfg = Release|Win32
		{BD5AC864-7974-4CB8-A041-AB84D0320137}.Release|Win32.Build.0 = Release|Win32
		{A10D5686-52CF-4439-B34C-E13ACA3AD404}.Debug|Win32.ActiveCfg = Debug|Win32
		{A10D5686-52CF-4439-B34C-E13ACA3AD404}.Debug|Win32.Build.0 = Debug|Win32
		{A10D5686-52CF-4439-B34C-E13ACA3AD404}.Release|Win32.ActiveCfg = Release|Win32
		{A10D5686-52CF-4439-B34C-E13ACA3AD404}.Release|Win32.Build.0 = Release|Win32
		{1C6E31B3-EEE7-4D5F-9CB0-D086496DAB92}.Debug|Win32.ActiveCfg = Debug|Win32
		{1C6E31B3-EEE7-4D5F-9CB0-D086496DAB92}.Debug|Win32.Build.0 = Debug|Win32
		{1C6E31B3-EEE7-4D5F-9CB0-D086496DAB92}.Release|Win32.ActiveCfg = Release|Win32
		{1C6E31B3-EEE7-4D5F-9CB0-D086496DAB92}.Release|Win32.Build.0 = Release|Win32
		{A41E1B91-97E8-4ED7-BFA4-ED763DAE7726}.Debug|Win32.ActiveCfg = Debug|Win32
		{A41E1B91-97E8-4ED7-BFA4-ED763DAE7726}.Debug|Win32.Build.0 = Debug|Win32
		{A41E1B91-97E8-4ED7-BFA4-ED763DAE7726}.Release|Win32.ActiveCfg = Release|Win32
		{A41E1B91-97E8-4ED7-BFA4-ED763DAE7726}.Release|Win32.Build.0 = Release|Win32
		{AF1F29DF-DDEB-4122-A28C-659261B41E3E}.Debug|Win32.ActiveCfg = Debug|Win32
		{AF1F29DF-DDEB-4122-A28C-659261B41E3E}.Debug|Win32.Build.0 = Debug|Win32
		{AF1F29DF-DDEB-4122-A28C-659261B41E3E}.Release|Win32.ActiveCfg = Release|Win32
		{AF1F29DF-DDEB-4122-A28C-659261B41E3E}.Release|Win32.Build.0 = Release|Win32
		{CE205682-71EE-4004-9AED-A6A4A4A3548F}.Debug|Win32.ActiveCfg = Debug|Win32
		{CE205682-71EE-4004-9AED-A6A4A4A3548F}.Debug|Win32.Build.0 = Debug|Win32
		{CE205682-71EE-4004-9AED-A6A4A4A3548F}.Release|Win32.ActiveCfg = Release|Win32
		{CE205682-71EE-4004-9AED-A6A4A4A3548F}.Release|Win32.Build.0 = Release|Win32
		{329B89F0-F2C6-42E7-9AB2-5580A85B0810}.Debug|Win32.ActiveCfg = Debug|Win32
		{329B89F0-F2C6-42E7-9AB2-5580A85B0810}.Debug|Win32.Build.0 = Debug|Win32
		{329B89F0-F2C6-42E7-9AB2-5580A85B0810}.Release|Win32.ActiveCfg = Release|Win32
		{329B89F0-F2C6-42E7-9AB2-5580A85B0810}.Release|Win32.Build.0 = Release|Win32
		{D1A2E9C1-9B50-4234-8B94-CC18295B7990}.Debug|Win32.ActiveCfg = Debug|Win32
		{D1A2E9C1-9B50-4234-8B94-CC18295B7990}.Debug|Win32.Build.0 = Debug|Win32
		{D1A2E9C1-9B50-4234-8B94-CC18295B7990}.Release|Win32.ActiveCfg = Release|Win32
		{D1A2E9C1-9B50-4234-8B94-CC18295B7990}.Release|Win32.Build.0 = Release|Win32
		{1EF26882-781F-4A66-A658-42B34F07F001}.Debug|Win32.ActiveCfg = Debug|Win32
		{1EF26882-781F-4A66-A658-42B34F07F001}.Debug|Win32.Build.0 = Debug|Win32
		{1EF26882-781F-4A66-A658-42B34F07F001}.Release|Win32.ActiveCfg = Release|Win32
		{1EF26882-781F-4A66-A658-42B34F07F001}.Release|Win32.Build.0 = Release|Win32
		{44148B1E-43C2-49BC-B0AF-1C9498056CD0}.Debug|Win32.ActiveCfg = Debug|Win32
		{44148B1E-43C2-49BC-B0AF-1C9498056CD0}.Debug|Win32.Build.0 = Debug|Win32
		{44148B1E-43C2-49BC-B0AF-1C9498056CD0}.Release|Win32.ActiveCfg = Release|Win32
		{44148B1E-43C2-49BC-B0AF-1C9498056CD0}.Release|Win32.Build.0 = Release|Win32
		{7F74F123-D134-4AC8-B6DF-B34C31419E10}.Debug|Win32.ActiveCfg = Debug|Win32
		{7F74F123-D134-4AC8-B6DF-B34C31419E10}.Debug|Win32.Build.0 = Debug|Win32
		{7F74F123-D134-4AC8-B6DF-B34C31419E10}.Release|Win32.ActiveCfg = Release|Win32
		{7F74F123-D134-4AC8-B6DF-B34C31419E10}.Release|Win32.Build.0 = Release|Win32
		{33269449-38EB-4755-90FC-19734E90F09F}.Debug|Win32.ActiveCfg = Debug|Win32
		{33269449-38EB-4755-90FC-19734E90F09F}.Debug|Win32.Build.0 = Debug|Win32
		{33269449-38EB-4755-90FC-19734E90F09F}.Release|Win32.ActiveCfg = Release|Win32
		{33269449-38EB-4755-90FC-19734E90F09F}.Release|Win32.Build.0 = Release|Win32
	EndGlobalSection
	GlobalSection(SolutionProperties) = preSolution
		HideSolutionNode = FALSE
	EndGlobalSection
	GlobalSection(NestedProjects) = preSolution
		{AF1F29DF-DDEB-4122-A28C-659261B41E3E} = {F4FDAA92-59CD-4F00-B7A2-93D79DA5CF1E}
		{CE205682-71EE-4004-9AED-A6A4A4A3548F} = {F4FDAA92-59CD-4F00-B7A2-93D79DA5CF1E}
		{329B89F0-F2C6-42E7-9AB2-5580A85B0810} = {F4FDAA92-59CD-4F00-B7A2-93D79DA5CF1E}
		{D1A2E9C1-9B50-4234-8B94-CC18295B7990} = {F4FDAA92-59CD-4F00-B7A2-93D79DA5CF1E}
		{1EF26882-781F-4A66-A658-42B34F07F001} = {F4FDAA92-59CD-4F00-B7A2-93D79DA5CF1E}
		{44148B1E-43C2-49BC-B0AF-1C9498056CD0} = {F4FDAA92-59CD-4F00-B7A2-93D79DA5CF1E}
		{7F74F123-D134-4AC8-B6DF-B34C31419E10} = {F4FDAA92-59CD-4F00-B7A2-93D79DA5CF1E}
		{33269449-38EB-4755-90FC-19734E90F09F} = {F4FDAA92-59CD-4F00-B7A2-93D79DA5CF1E}
	EndGlobalSection
EndGlobal
